# This file is automatically @generated by Cargo.
# It is not intended for manual editing.
version = 4

[[package]]
name = "fixture-ops"
version = "0.2.0"

[[package]]
name = "fixture-support"
version = "0.2.0"

[[package]]
name = "stab-cli"
version = "0.2.1"
dependencies = [
 "stab-core",
]

[[package]]
name = "stab-core"
version = "0.2.0"
